
Microsoft Visual Studio Solution File, Format Version 12.00
# Visual Studio 2013
VisualStudioVersion = 12.0.31101.0
MinimumVisualStudioVersion = 10.0.40219.1
Project("{FAE04EC0-301F-11D3-BF4B-00C04F79EFBC}") = "babel", "babel\babel.csproj", "{FFFBE77B-92E4-493D-A82A-1C833E5618C2}"
EndProject
Global
	GlobalSection(SolutionConfigurationPlatforms) = preSolution
		Debug|Any CPU = Debug|Any CPU
		Release|Any CPU = Release|Any CPU
	EndGlobalSection
	GlobalSection(ProjectConfigurationPlatforms) = postSolution
		{FFFBE77B-92E4-493D-A82A-1C833E5618C2}.Debug|Any CPU.ActiveCfg = Debug|Any CPU
		{FFFBE77B-92E4-493D-A82A-1C833E5618C2}.Debug|Any CPU.Build.0 = Debug|Any CPU
		{FFFBE77B-92E4-493D-A82A-1C833E5618C2}.Release|Any CPU.ActiveCfg = Release|Any CPU
		{FFFBE77B-92E4-493D-A82A-1C833E5618C2}.Release|Any CPU.Build.0 = Release|Any CPU
	EndGlobalSection
	GlobalSection(SolutionProperties) = preSolution
		HideSolutionNode = FALSE
	EndGlobalSection
EndGlobal
